
Microsoft Visual Studio Solution File, Format Version 12.00
# Visual Studio Version 17
VisualStudioVersion = 17.5.33424.131
MinimumVisualStudioVersion = 10.0.40219.1
Project("{8BC9CEB8-8B4A-11D0-8D11-00A0C91BC942}") = "structure", "structure\structure.vcxproj", "{B8D7CD2B-5828-4BEB-BE1D-86AE364774A3}"
EndProject
Project("{8BC9CEB8-8B4A-11D0-8D11-00A0C91BC942}") = "structure2", "structure2\structure2.vcxproj", "{277E5491-BE6C-44B3-B792-9034328C3567}"
EndProject
Project("{8BC9CEB8-8B4A-11D0-8D11-00A0C91BC942}") = "structure3", "structure3\structure3.vcxproj", "{811B7523-A7B4-48A8-9FAB-EB47429E211C}"
EndProject
Global
	GlobalSection(SolutionConfigurationPlatforms) = preSolution
		Debug|x64 = Debug|x64
		Debug|x86 = Debug|x86
		Release|x64 = Release|x64
		Release|x86 = Release|x86
	EndGlobalSection
	GlobalSection(ProjectConfigurationPlatforms) = postSolution
		{B8D7CD2B-5828-4BEB-BE1D-86AE364774A3}.Debug|x64.ActiveCfg = Debug|x64
		{B8D7CD2B-5828-4BEB-BE1D-86AE364774A3}.Debug|x64.Build.0 = Debug|x64
		{B8D7CD2B-5828-4BEB-BE1D-86AE364774A3}.Debug|x86.ActiveCfg = Debug|Win32
		{B8D7CD2B-5828-4BEB-BE1D-86AE364774A3}.Debug|x86.Build.0 = Debug|Win32
		{B8D7CD2B-5828-4BEB-BE1D-86AE364774A3}.Release|x64.ActiveCfg = Release|x64
		{B8D7CD2B-5828-4BEB-BE1D-86AE364774A3}.Release|x64.Build.0 = Release|x64
		{B8D7CD2B-5828-4BEB-BE1D-86AE364774A3}.Release|x86.ActiveCfg = Release|Win32
		{B8D7CD2B-5828-4BEB-BE1D-86AE364774A3}.Release|x86.Build.0 = Release|Win32
		{277E5491-BE6C-44B3-B792-9034328C3567}.Debug|x64.ActiveCfg = Debug|x64
		{277E5491-BE6C-44B3-B792-9034328C3567}.Debug|x64.Build.0 = Debug|x64
		{277E5491-BE6C-44B3-B792-9034328C3567}.Debug|x86.ActiveCfg = Debug|Win32
		{277E5491-BE6C-44B3-B792-9034328C3567}.Debug|x86.Build.0 = Debug|Win32
		{277E5491-BE6C-44B3-B792-9034328C3567}.Release|x64.ActiveCfg = Release|x64
		{277E5491-BE6C-44B3-B792-9034328C3567}.Release|x64.Build.0 = Release|x64
		{277E5491-BE6C-44B3-B792-9034328C3567}.Release|x86.ActiveCfg = Release|Win32
		{277E5491-BE6C-44B3-B792-9034328C3567}.Release|x86.Build.0 = Release|Win32
		{811B7523-A7B4-48A8-9FAB-EB47429E211C}.Debug|x64.ActiveCfg = Debug|x64
		{811B7523-A7B4-48A8-9FAB-EB47429E211C}.Debug|x64.Build.0 = Debug|x64
		{811B7523-A7B4-48A8-9FAB-EB47429E211C}.Debug|x86.ActiveCfg = Debug|Win32
		{811B7523-A7B4-48A8-9FAB-EB47429E211C}.Debug|x86.Build.0 = Debug|Win32
		{811B7523-A7B4-48A8-9FAB-EB47429E211C}.Release|x64.ActiveCfg = Release|x64
		{811B7523-A7B4-48A8-9FAB-EB47429E211C}.Release|x64.Build.0 = Release|x64
		{811B7523-A7B4-48A8-9FAB-EB47429E211C}.Release|x86.ActiveCfg = Release|Win32
		{811B7523-A7B4-48A8-9FAB-EB47429E211C}.Release|x86.Build.0 = Release|Win32
	EndGlobalSection
	GlobalSection(SolutionProperties) = preSolution
		HideSolutionNode = FALSE
	EndGlobalSection
	GlobalSection(ExtensibilityGlobals) = postSolution
		SolutionGuid = {D56804FB-11F3-4FAD-A2A0-CB17C9E8D5DB}
	EndGlobalSection
EndGlobal
